# THIS IS AN AUTOGENERATED FILE. DO NOT EDIT THIS FILE DIRECTLY.
# yarn lockfile v1


is-plain-object@3.0.1:
  version "3.0.1"
  resolved "https://registry.nlark.com/is-plain-object/download/is-plain-object-3.0.1.tgz#662d92d24c0aa4302407b0d45d21f2251c85f85b"
  integrity sha1-Zi2S0kwKpDAkB7DUXSHyJRyF+Fs=

textcolor@^1.0.2:
  version "1.0.2"
  resolved "https://registry.npmmirror.com/textcolor/download/textcolor-1.0.2.tgz#1747f370cdda98b8aeffd815b5059c9c4cecac1c"
  integrity sha1-F0fzcM3amLiu/9gVtQWcnEzsrBw=

vue-types@^2.0.1:
  version "2.0.3"
  resolved "https://registry.npmmirror.com/vue-types/download/vue-types-2.0.3.tgz#d4d3b124e8ae09e2d58785054451a6eb7e672d6d"
  integrity sha1-1NOxJOiuCeLVh4UFRFGm635nLW0=
  dependencies:
    is-plain-object "3.0.1"
