# THIS IS AN AUTOGENERATED FILE. DO NOT EDIT THIS FILE DIRECTLY.
# yarn lockfile v1


is-plain-object@3.0.1:
  version "3.0.1"
  resolved "https://registry.nlark.com/is-plain-object/download/is-plain-object-3.0.1.tgz#662d92d24c0aa4302407b0d45d21f2251c85f85b"
  integrity sha1-Zi2S0kwKpDAkB7DUXSHyJRyF+Fs=

pretty-checkbox@^3.0.3:
  version "3.0.3"
  resolved "https://registry.nlark.com/pretty-checkbox/download/pretty-checkbox-3.0.3.tgz#d49c8013a8fc08ee0c2d6ebde453464bfdbc428e"
  integrity sha1-1JyAE6j8CO4MLW695FNGS/28Qo4=

vue-infinite-loading@^2.4.5:
  version "2.4.5"
  resolved "https://registry.nlark.com/vue-infinite-loading/download/vue-infinite-loading-2.4.5.tgz#cc20fd40af7f20188006443c99b60470cf1de1b3"
  integrity sha1-zCD9QK9/IBiABkQ8mbYEcM8d4bM=

vue-types@^2.0.1:
  version "2.0.3"
  resolved "https://registry.npmmirror.com/vue-types/download/vue-types-2.0.3.tgz#d4d3b124e8ae09e2d58785054451a6eb7e672d6d"
  integrity sha1-1NOxJOiuCeLVh4UFRFGm635nLW0=
  dependencies:
    is-plain-object "3.0.1"
