# THIS IS AN AUTOGENERATED FILE. DO NOT EDIT THIS FILE DIRECTLY.
# yarn lockfile v1


"@automan-component/zoom@^1.0.15":
  version "1.0.15"
  resolved "https://registry.npmmirror.com/@automan-component/zoom/download/@automan-component/zoom-1.0.15.tgz#531ff41d20f37b4f2b7cf4efe6857dc7e2c761dc"
  integrity sha1-Ux/0HSDze08rfPTv5oV9x+LHYdw=
  dependencies:
    "@icon-park/vue" "^1.1.4"
    ol "^6.4.3"
    vue-types "^2.0.1"

"@icon-park/vue@^1.1.4":
  version "1.3.5"
  resolved "https://registry.npmmirror.com/@icon-park/vue/download/@icon-park/vue-1.3.5.tgz#b7046e2c2b5da5ec4d673ffb5ad6bc80bea5a13b"
  integrity sha1-twRuLCtdpexNZz/7Wta8gL6loTs=
  dependencies:
    "@vue/babel-helper-vue-jsx-merge-props" "^1.0.0"
    csstype "^3.0.3"

"@mapbox/jsonlint-lines-primitives@~2.0.2":
  version "2.0.2"
  resolved "https://registry.nlark.com/@mapbox/jsonlint-lines-primitives/download/@mapbox/jsonlint-lines-primitives-2.0.2.tgz#ce56e539f83552b58d10d672ea4d6fc9adc7b234"
  integrity sha1-zlblOfg1UrWNENZy6k1vya3HsjQ=

"@mapbox/mapbox-gl-style-spec@^13.20.1":
  version "13.23.0"
  resolved "https://registry.npmmirror.com/@mapbox/mapbox-gl-style-spec/download/@mapbox/mapbox-gl-style-spec-13.23.0.tgz#dca481f78e6affd173c9c76fd9fde013b3cde41b"
  integrity sha512-zI26XoK0UjGOvOEUUAoKlmFKHrSD8qIMCaoQBsFxNPzGIluryT32Z1m4aq7NtxEsrfE+qc2mPPXQg+iRllqbqA==
  dependencies:
    "@mapbox/jsonlint-lines-primitives" "~2.0.2"
    "@mapbox/point-geometry" "^0.1.0"
    "@mapbox/unitbezier" "^0.0.0"
    csscolorparser "~1.0.2"
    json-stringify-pretty-compact "^2.0.0"
    minimist "^1.2.5"
    rw "^1.3.3"
    sort-object "^0.3.2"

"@mapbox/point-geometry@^0.1.0":
  version "0.1.0"
  resolved "https://registry.nlark.com/@mapbox/point-geometry/download/@mapbox/point-geometry-0.1.0.tgz#8a83f9335c7860effa2eeeca254332aa0aeed8f2"
  integrity sha1-ioP5M1x4YO/6Lu7KJUMyqgru2PI=

"@mapbox/unitbezier@^0.0.0":
  version "0.0.0"
  resolved "https://registry.npmmirror.com/@mapbox/unitbezier/download/@mapbox/unitbezier-0.0.0.tgz?cache=0&sync_timestamp=1635154914922&other_urls=https%3A%2F%2Fregistry.npmmirror.com%2F%40mapbox%2Funitbezier%2Fdownload%2F%40mapbox%2Funitbezier-0.0.0.tgz#15651bd553a67b8581fb398810c98ad86a34524e"
  integrity sha1-FWUb1VOme4WB+zmIEMmK2Go0Uk4=

"@petamoriken/float16@^3.4.7":
  version "3.5.11"
  resolved "https://registry.npmmirror.com/@petamoriken/float16/download/@petamoriken/float16-3.5.11.tgz#69744fde033692c09dbb02191e0c391f8c857e30"
  integrity sha512-aKJaQhvWcP4XRo4eb34VygcqNsE1+Ej5687oexkK+qYWC7tejxaWRkAfE54Ze3xQGnvwXHZ5Ahx6CWq5sS4q7Q==

"@vue/babel-helper-vue-jsx-merge-props@^1.0.0":
  version "1.2.1"
  resolved "https://registry.nlark.com/@vue/babel-helper-vue-jsx-merge-props/download/@vue/babel-helper-vue-jsx-merge-props-1.2.1.tgz#31624a7a505fb14da1d58023725a4c5f270e6a81"
  integrity sha1-MWJKelBfsU2h1YAjclpMXycOaoE=

batch-processor@1.0.0:
  version "1.0.0"
  resolved "https://registry.nlark.com/batch-processor/download/batch-processor-1.0.0.tgz#75c95c32b748e0850d10c2b168f6bdbe9891ace8"
  integrity sha1-dclcMrdI4IUNEMKxaPa9vpiRrOg=

callsites@^3.1.0:
  version "3.1.0"
  resolved "https://registry.nlark.com/callsites/download/callsites-3.1.0.tgz?cache=0&sync_timestamp=1628465506045&other_urls=https%3A%2F%2Fregistry.nlark.com%2Fcallsites%2Fdownload%2Fcallsites-3.1.0.tgz#b3630abd8943432f54b3f0519238e33cd7df2f73"
  integrity sha1-s2MKvYlDQy9Us/BRkjjjPNffL3M=

csscolorparser@~1.0.2:
  version "1.0.3"
  resolved "https://registry.nlark.com/csscolorparser/download/csscolorparser-1.0.3.tgz#b34f391eea4da8f3e98231e2ccd8df9c041f171b"
  integrity sha1-s085HupNqPPpgjHizNjfnAQfFxs=

csstype@^3.0.3:
  version "3.0.10"
  resolved "https://registry.npmmirror.com/csstype/download/csstype-3.0.10.tgz?cache=0&sync_timestamp=1637224539572&other_urls=https%3A%2F%2Fregistry.npmmirror.com%2Fcsstype%2Fdownload%2Fcsstype-3.0.10.tgz#2ad3a7bed70f35b965707c092e5f30b327c290e5"
  integrity sha512-2u44ZG2OcNUO9HDp/Jl8C07x6pU/eTR3ncV91SiK3dhG9TWvRVsCoJw14Ckx5DgWkzGA3waZWO3d7pgqpUI/XA==

debug@^4.2.0:
  version "4.3.3"
  resolved "https://registry.npmmirror.com/debug/download/debug-4.3.3.tgz#04266e0b70a98d4462e6e288e38259213332b664"
  integrity sha512-/zxw5+vh1Tfv+4Qn7a5nsbcJKPaSvCDhojn6FEl9vupwK2VCSDtEiEtqr8DFtzYFOdz63LBkxec7DYuc2jon6Q==
  dependencies:
    ms "2.1.2"

element-resize-detector@^1.2.1:
  version "1.2.3"
  resolved "https://registry.nlark.com/element-resize-detector/download/element-resize-detector-1.2.3.tgz?cache=0&sync_timestamp=1624540690716&other_urls=https%3A%2F%2Fregistry.nlark.com%2Felement-resize-detector%2Fdownload%2Felement-resize-detector-1.2.3.tgz#5078d9b99398fe4c589f8c8df94ff99e5d413ff3"
  integrity sha1-UHjZuZOY/kxYn4yN+U/5nl1BP/M=
  dependencies:
    batch-processor "1.0.0"

esm@^3.2.25:
  version "3.2.25"
  resolved "https://registry.nlark.com/esm/download/esm-3.2.25.tgz#342c18c29d56157688ba5ce31f8431fbb795cc10"
  integrity sha1-NCwYwp1WFXaIulzjH4Qx+7eVzBA=

geotiff@^1.0.8:
  version "1.0.8"
  resolved "https://registry.npmmirror.com/geotiff/download/geotiff-1.0.8.tgz#b5f21b51927a2118a9bd20751cae433a047040df"
  integrity sha1-tfIbUZJ6IRipvSB1HK5DOgRwQN8=
  dependencies:
    "@petamoriken/float16" "^3.4.7"
    lerc "^3.0.0"
    lru-cache "^6.0.0"
    pako "^2.0.4"
    parse-headers "^2.0.2"
    threads "^1.7.0"
    xml-utils "^1.0.2"

ieee754@^1.1.12:
  version "1.2.1"
  resolved "https://registry.nlark.com/ieee754/download/ieee754-1.2.1.tgz#8eb7a10a63fff25d15a57b001586d177d1b0d352"
  integrity sha1-jrehCmP/8l0VpXsAFYbRd9Gw01I=

is-observable@^2.1.0:
  version "2.1.0"
  resolved "https://registry.nlark.com/is-observable/download/is-observable-2.1.0.tgz#5c8d733a0b201c80dff7bb7c0df58c6a255c7c69"
  integrity sha1-XI1zOgsgHIDf97t8DfWMaiVcfGk=

is-plain-object@3.0.1:
  version "3.0.1"
  resolved "https://registry.nlark.com/is-plain-object/download/is-plain-object-3.0.1.tgz#662d92d24c0aa4302407b0d45d21f2251c85f85b"
  integrity sha1-Zi2S0kwKpDAkB7DUXSHyJRyF+Fs=

json-stringify-pretty-compact@^2.0.0:
  version "2.0.0"
  resolved "https://registry.nlark.com/json-stringify-pretty-compact/download/json-stringify-pretty-compact-2.0.0.tgz#e77c419f52ff00c45a31f07f4c820c2433143885"
  integrity sha1-53xBn1L/AMRaMfB/TIIMJDMUOIU=

lerc@^3.0.0:
  version "3.0.0"
  resolved "https://registry.nlark.com/lerc/download/lerc-3.0.0.tgz#36f36fbd4ba46f0abf4833799fff2e7d6865f5cb"
  integrity sha1-NvNvvUukbwq/SDN5n/8ufWhl9cs=

lru-cache@^6.0.0:
  version "6.0.0"
  resolved "https://registry.nlark.com/lru-cache/download/lru-cache-6.0.0.tgz#6d6fe6570ebd96aaf90fcad1dafa3b2566db3a94"
  integrity sha1-bW/mVw69lqr5D8rR2vo7JWbbOpQ=
  dependencies:
    yallist "^4.0.0"

mapbox-to-css-font@^2.4.0:
  version "2.4.0"
  resolved "https://registry.nlark.com/mapbox-to-css-font/download/mapbox-to-css-font-2.4.0.tgz#a23b51664a1ee839beaefade013f2655bee9a390"
  integrity sha1-ojtRZkoe6Dm+rvreAT8mVb7po5A=

minimist@^1.2.5:
  version "1.2.5"
  resolved "https://registry.nlark.com/minimist/download/minimist-1.2.5.tgz#67d66014b66a6a8aaa0c083c5fd58df4e4e97602"
  integrity sha1-Z9ZgFLZqaoqqDAg8X9WN9OTpdgI=

ms@2.1.2:
  version "2.1.2"
  resolved "https://registry.npmmirror.com/ms/download/ms-2.1.2.tgz#d09d1f357b443f493382a8eb3ccd183872ae6009"
  integrity sha1-0J0fNXtEP0kzgqjrPM0YOHKuYAk=

observable-fns@^0.6.1:
  version "0.6.1"
  resolved "https://registry.nlark.com/observable-fns/download/observable-fns-0.6.1.tgz#636eae4fdd1132e88c0faf38d33658cc79d87e37"
  integrity sha1-Y26uT90RMuiMD6840zZYzHnYfjc=

ol-mapbox-style@^6.5.1:
  version "6.5.3"
  resolved "https://registry.npmmirror.com/ol-mapbox-style/download/ol-mapbox-style-6.5.3.tgz#2d31db7d9bd5fd701a8988575797bb810ea98a9e"
  integrity sha512-2SNJQ/7acgACC4nnuKCm9qeMXK2LEeUQWZWRKlXNCstjRf7SDcQvSFXrNSlDLvzhtQ0Gv3QTX5L7plE2wm7Z3Q==
  dependencies:
    "@mapbox/mapbox-gl-style-spec" "^13.20.1"
    mapbox-to-css-font "^2.4.0"
    webfont-matcher "^1.1.0"

ol@^6.4.3:
  version "6.9.0"
  resolved "https://registry.npmmirror.com/ol/download/ol-6.9.0.tgz#3e1b39a76f99ede117ad79e66464698d6915df0b"
  integrity sha1-Phs5p2+Z7eEXrXnmZGRpjWkV3ws=
  dependencies:
    geotiff "^1.0.8"
    ol-mapbox-style "^6.5.1"
    pbf "3.2.1"
    rbush "^3.0.1"

pako@^2.0.4:
  version "2.0.4"
  resolved "https://registry.nlark.com/pako/download/pako-2.0.4.tgz?cache=0&sync_timestamp=1627560187062&other_urls=https%3A%2F%2Fregistry.nlark.com%2Fpako%2Fdownload%2Fpako-2.0.4.tgz#6cebc4bbb0b6c73b0d5b8d7e8476e2b2fbea576d"
  integrity sha1-bOvEu7C2xzsNW41+hHbisvvqV20=

parse-headers@^2.0.2:
  version "2.0.4"
  resolved "https://registry.nlark.com/parse-headers/download/parse-headers-2.0.4.tgz?cache=0&sync_timestamp=1628090544806&other_urls=https%3A%2F%2Fregistry.nlark.com%2Fparse-headers%2Fdownload%2Fparse-headers-2.0.4.tgz#9eaf2d02bed2d1eff494331ce3df36d7924760bf"
  integrity sha1-nq8tAr7S0e/0lDMc498215JHYL8=

pbf@3.2.1:
  version "3.2.1"
  resolved "https://registry.nlark.com/pbf/download/pbf-3.2.1.tgz#b4c1b9e72af966cd82c6531691115cc0409ffe2a"
  integrity sha1-tMG55yr5Zs2CxlMWkRFcwECf/io=
  dependencies:
    ieee754 "^1.1.12"
    resolve-protobuf-schema "^2.1.0"

protocol-buffers-schema@^3.3.1:
  version "3.6.0"
  resolved "https://registry.nlark.com/protocol-buffers-schema/download/protocol-buffers-schema-3.6.0.tgz?cache=0&sync_timestamp=1631215317148&other_urls=https%3A%2F%2Fregistry.nlark.com%2Fprotocol-buffers-schema%2Fdownload%2Fprotocol-buffers-schema-3.6.0.tgz#77bc75a48b2ff142c1ad5b5b90c94cd0fa2efd03"
  integrity sha1-d7x1pIsv8ULBrVtbkMlM0Pou/QM=

quickselect@^2.0.0:
  version "2.0.0"
  resolved "https://registry.nlark.com/quickselect/download/quickselect-2.0.0.tgz#f19680a486a5eefb581303e023e98faaf25dd018"
  integrity sha1-8ZaApIal7vtYEwPgI+mPqvJd0Bg=

rbush@^3.0.1:
  version "3.0.1"
  resolved "https://registry.nlark.com/rbush/download/rbush-3.0.1.tgz#5fafa8a79b3b9afdfe5008403a720cc1de882ecf"
  integrity sha1-X6+op5s7mv3+UAhAOnIMwd6ILs8=
  dependencies:
    quickselect "^2.0.0"

resolve-protobuf-schema@^2.1.0:
  version "2.1.0"
  resolved "https://registry.nlark.com/resolve-protobuf-schema/download/resolve-protobuf-schema-2.1.0.tgz#9ca9a9e69cf192bbdaf1006ec1973948aa4a3758"
  integrity sha1-nKmp5pzxkrva8QBuwZc5SKpKN1g=
  dependencies:
    protocol-buffers-schema "^3.3.1"

rw@^1.3.3:
  version "1.3.3"
  resolved "https://registry.npmmirror.com/rw/download/rw-1.3.3.tgz#3f862dfa91ab766b14885ef4d01124bfda074fb4"
  integrity sha1-P4Yt+pGrdmsUiF700BEkv9oHT7Q=

sort-asc@^0.1.0:
  version "0.1.0"
  resolved "https://registry.nlark.com/sort-asc/download/sort-asc-0.1.0.tgz#ab799df61fc73ea0956c79c4b531ed1e9e7727e9"
  integrity sha1-q3md9h/HPqCVbHnEtTHtHp53J+k=

sort-desc@^0.1.1:
  version "0.1.1"
  resolved "https://registry.nlark.com/sort-desc/download/sort-desc-0.1.1.tgz#198b8c0cdeb095c463341861e3925d4ee359a9ee"
  integrity sha1-GYuMDN6wlcRjNBhh45JdTuNZqe4=

sort-object@^0.3.2:
  version "0.3.2"
  resolved "https://registry.nlark.com/sort-object/download/sort-object-0.3.2.tgz#98e0d199ede40e07c61a84403c61d6c3b290f9e2"
  integrity sha1-mODRme3kDgfGGoRAPGHWw7KQ+eI=
  dependencies:
    sort-asc "^0.1.0"
    sort-desc "^0.1.1"

threads@^1.7.0:
  version "1.7.0"
  resolved "https://registry.npmmirror.com/threads/download/threads-1.7.0.tgz#d9e9627bfc1ef22ada3b733c2e7558bbe78e589c"
  integrity sha1-2elie/we8iraO3M8LnVYu+eOWJw=
  dependencies:
    callsites "^3.1.0"
    debug "^4.2.0"
    is-observable "^2.1.0"
    observable-fns "^0.6.1"
  optionalDependencies:
    tiny-worker ">= 2"

"tiny-worker@>= 2":
  version "2.3.0"
  resolved "https://registry.nlark.com/tiny-worker/download/tiny-worker-2.3.0.tgz#715ae34304c757a9af573ae9a8e3967177e6011e"
  integrity sha1-cVrjQwTHV6mvVzrpqOOWcXfmAR4=
  dependencies:
    esm "^3.2.25"

urijs@^1.19.2:
  version "1.19.7"
  resolved "https://registry.nlark.com/urijs/download/urijs-1.19.7.tgz#4f594e59113928fea63c00ce688fb395b1168ab9"
  integrity sha1-T1lOWRE5KP6mPADOaI+zlbEWirk=

vue-types@^2.0.1:
  version "2.0.3"
  resolved "https://registry.npmmirror.com/vue-types/download/vue-types-2.0.3.tgz#d4d3b124e8ae09e2d58785054451a6eb7e672d6d"
  integrity sha1-1NOxJOiuCeLVh4UFRFGm635nLW0=
  dependencies:
    is-plain-object "3.0.1"

webfont-matcher@^1.1.0:
  version "1.1.0"
  resolved "https://registry.npmmirror.com/webfont-matcher/download/webfont-matcher-1.1.0.tgz#98ce95097b29e31fbe733053e10e571642d1c6c7"
  integrity sha1-mM6VCXsp4x++czBT4Q5XFkLRxsc=

xml-utils@^1.0.2:
  version "1.0.2"
  resolved "https://registry.npmmirror.com/xml-utils/download/xml-utils-1.0.2.tgz#8081bfefb87b72e03e4adbabdd217ccbbc395eeb"
  integrity sha1-gIG/77h7cuA+Stur3SF8y7w5Xus=

yallist@^4.0.0:
  version "4.0.0"
  resolved "https://registry.nlark.com/yallist/download/yallist-4.0.0.tgz#9bb92790d9c0effec63be73519e11a35019a3a72"
  integrity sha1-m7knkNnA7/7GO+c1GeEaNQGaOnI=
