# THIS IS AN AUTOGENERATED FILE. DO NOT EDIT THIS FILE DIRECTLY.
# yarn lockfile v1


core-js@^3.6.5:
  version "3.19.2"
  resolved "https://registry.npmmirror.com/core-js/download/core-js-3.19.2.tgz#ae216d7f4f7e924d9a2e3ff1e4b1940220f9157b"
  integrity sha512-ciYCResnLIATSsXuXnIOH4CbdfgV+H1Ltg16hJFN7/v6OxqnFr/IFGeLacaZ+fHLAm0TBbXwNK9/DNBzBUrO/g==

dayjs@^1.8.34:
  version "1.10.7"
  resolved "https://registry.nlark.com/dayjs/download/dayjs-1.10.7.tgz#2cf5f91add28116748440866a0a1d26f3a6ce468"
  integrity sha1-LPX5Gt0oEWdIRAhmoKHSbzps5Gg=

hotkeys-js@^3.8.1:
  version "3.8.7"
  resolved "https://registry.nlark.com/hotkeys-js/download/hotkeys-js-3.8.7.tgz#c16cab978b53d7242f860ca3932e976b92399981"
  integrity sha1-wWyrl4tT1yQvhgyjky6Xa5I5mYE=

is-plain-object@3.0.1:
  version "3.0.1"
  resolved "https://registry.nlark.com/is-plain-object/download/is-plain-object-3.0.1.tgz#662d92d24c0aa4302407b0d45d21f2251c85f85b"
  integrity sha1-Zi2S0kwKpDAkB7DUXSHyJRyF+Fs=

vue-class-component@^7.1.0:
  version "7.2.6"
  resolved "https://registry.nlark.com/vue-class-component/download/vue-class-component-7.2.6.tgz#8471e037b8e4762f5a464686e19e5afc708502e4"
  integrity sha1-hHHgN7jkdi9aRkaG4Z5a/HCFAuQ=

vue-property-decorator@^8.0.0:
  version "8.5.1"
  resolved "https://registry.nlark.com/vue-property-decorator/download/vue-property-decorator-8.5.1.tgz#571a91cf8d2b507f537d79bf8275af3184572fff"
  integrity sha1-VxqRz40rUH9TfXm/gnWvMYRXL/8=
  dependencies:
    vue-class-component "^7.1.0"

vue-slider-component@^3.2.5:
  version "3.2.15"
  resolved "https://registry.npmmirror.com/vue-slider-component/download/vue-slider-component-3.2.15.tgz#fd40564c1d15a90a1290cb691990c0bc745b3aa9"
  integrity sha1-/UBWTB0VqQoSkMtpGZDAvHRbOqk=
  dependencies:
    core-js "^3.6.5"
    vue-property-decorator "^8.0.0"

vue-types@^2.0.1:
  version "2.0.3"
  resolved "https://registry.npmmirror.com/vue-types/download/vue-types-2.0.3.tgz#d4d3b124e8ae09e2d58785054451a6eb7e672d6d"
  integrity sha1-1NOxJOiuCeLVh4UFRFGm635nLW0=
  dependencies:
    is-plain-object "3.0.1"
